lockfileVersion: '9.0'

settings:
  autoInstallPeers: true
  excludeLinksFromLockfile: false

importers:

  .:
    devDependencies:
      typescript:
        specifier: ^5.7.2
        version: 5.7.2
      vite:
        specifier: ^6.0.4
        version: 6.0.4

packages:

  '@esbuild/aix-ppc64@0.24.1':
    resolution: {integrity: sha512-rHKbvBIQEe46PUybicWHsWmStdB3fvHi7CKa36Ip6xUqEr61BmGcnrYohXRNswU9zP/okYLXMzIW6D0neeNv6Q==}
    engines: {node: '>=18'}
    cpu: [ppc64]
    os: [aix]

  '@esbuild/android-arm64@0.24.1':
    resolution: {integrity: sha512-0jrWbRDWSPNSmt0HDp4qhWHeL69BL3YSSCGlwNn4logcOijz7nLMsHLT1g5Kb9A8T3dCjX+5qekr5zkH+gbqxQ==}
    engines: {node: '>=18'}
    cpu: [arm64]
    os: [android]

  '@esbuild/android-arm@0.24.1':
    resolution: {integrity: sha512-gKHsqtULVpVfsffGLaU/W4Jx+DLU8BLOQtvBrg+R22tz422VMgBK5moQ/ELDTRPR7Tqt9gLNk13XlvOFinXSzQ==}
    engines: {node: '>=18'}
    cpu: [arm]
    os: [android]

  '@esbuild/android-x64@0.24.1':
    resolution: {integrity: sha512-FafSki3AkovwnU7zSMDyMKP93Fre1E+c7/mVErP46Y+63RiU2fvKekgpMuLkABDGLGahB/DD0PkPm0YAINmH0Q==}
    engines: {node: '>=18'}
    cpu: [x64]
    os: [android]

  '@esbuild/darwin-arm64@0.24.1':
    resolution: {integrity: sha512-hJU5uPOQ0SBZ+0OZVx9dkpNyS0Cj1O7sjmqFMeQdp5ATYzCHhMD0CREHgq59eB0AFtCYDBoNcZXNJPwEZ/XDpA==}
    engines: {node: '>=18'}
    cpu: [arm64]
    os: [darwin]

  '@esbuild/darwin-x64@0.24.1':
    resolution: {integrity: sha512-siNAX65WSBKU7c+XJEKByMruE/JsHY9HU+n5BIMiNlo5axVbWwGXN4HhJQzOlY4TtOwSt3LRbS0zuI5SOjgoyg==}
    engines: {node: '>=18'}
    cpu: [x64]
    os: [darwin]

  '@esbuild/freebsd-arm64@0.24.1':
    resolution: {integrity: sha512-Kkl8APGvkp1S1g9tttiicChe49p+A3198sISIVcUGECqDPFXk9hSmVrUmaoCZWKo/zGK9TgLczLRLXduuhLplw==}
    engines: {node: '>=18'}
    cpu: [arm64]
    os: [freebsd]

  '@esbuild/freebsd-x64@0.24.1':
    resolution: {integrity: sha512-7hm+A84yjna/LTVLad+8iG5cB/Ik+M/ekSrN4ALs9GolbwcyvtjSD+xoPhFFAg8D7xVu0JdDIoNNZ6+KWLcPoQ==}
    engines: {node: '>=18'}
    cpu: [x64]
    os: [freebsd]

  '@esbuild/linux-arm64@0.24.1':
    resolution: {integrity: sha512-hjv91wG/3V8oKFa6yAew5wFYc+8usgOL/VH6cNEqFtqpWf8RDmwMIRnTmqwxGJ9/9H5ib3KZfgcIgYwoX7F9VQ==}
    engines: {node: '>=18'}
    cpu: [arm64]
    os: [linux]

  '@esbuild/linux-arm@0.24.1':
    resolution: {integrity: sha512-USovmgDDpiWs16nRCH/NmRfQUJEaGGDPHqK6+pGzuMZOfoe0MAciJRMu1AKP3Ky4gnpuQcXv7aPHpX0IwLWRhA==}
    engines: {node: '>=18'}
    cpu: [arm]
    os: [linux]

  '@esbuild/linux-ia32@0.24.1':
    resolution: {integrity: sha512-TwspFcPJpYyBqDcoqSLBBaoGRGiPWkjH5V4raiFQ6maAkBho/rfQvtVpNPkLHEwnPlVSdl4HkHZ3n7NvvtU10w==}
    engines: {node: '>=18'}
    cpu: [ia32]
    os: [linux]

  '@esbuild/linux-loong64@0.24.1':
    resolution: {integrity: sha512-BS3gcpF33m9hiVFeMCF2+LTdkEr/JljXZGQrlR0Bb7B3pn+uQrAJebclIGar+r8BDJ2yvX9bN4GmMPIKdS20EA==}
    engines: {node: '>=18'}
    cpu: [loong64]
    os: [linux]

  '@esbuild/linux-mips64el@0.24.1':
    resolution: {integrity: sha512-X35vI7EufAX17Nqo6XoD89/HSlPJUB5zJ1UKeTiGOLXpOaz7zo+t1trSQOoq2Gr8usOX++S77VUw6L2wTMc2cA==}
    engines: {node: '>=18'}
    cpu: [mips64el]
    os: [linux]

  '@esbuild/linux-ppc64@0.24.1':
    resolution: {integrity: sha512-I+XQCBhTIXKqyLFDcyMP9Dp0u0fx2TiH3BTh4iIg58/a5hmS3l3Yr2AHG8gEsmjUA7WGfKy2ZqxsaVud15iI1w==}
    engines: {node: '>=18'}
    cpu: [ppc64]
    os: [linux]

  '@esbuild/linux-riscv64@0.24.1':
    resolution: {integrity: sha512-wK7f0cK/Mq2x42ImYAr+OWzyv4OQUQj/RcKvbxcEoe46LFCa4w08Cqow9zX8vN9SE8BScm4NGYT7CO0G8UBrTA==}
    engines: {node: '>=18'}
    cpu: [riscv64]
    os: [linux]

  '@esbuild/linux-s390x@0.24.1':
    resolution: {integrity: sha512-47oImRwZavr5qEvEHNPcdly8LuFp3i4xrqT9mNbUn4ZKbwyegVp10k1E1YARiOim8ggfPAPABhPqXdS1NJOAnw==}
    engines: {node: '>=18'}
    cpu: [s390x]
    os: [linux]

  '@esbuild/linux-x64@0.24.1':
    resolution: {integrity: sha512-8qkGHVK1hH819iH7c9OsQsfUhJ0cgznoGT6vHRNxvNFPhcn0Y7HXLS0ndpY1sUkSM+umIdknz6vEqgPk6pbyIA==}
    engines: {node: '>=18'}
    cpu: [x64]
    os: [linux]

  '@esbuild/netbsd-arm64@0.24.1':
    resolution: {integrity: sha512-lH+bWKi8aCvlDu0vDVcZV4ENiHjVus3SQFueeydJ/mSfKywQ3LnbSjJ8PUgj+3dllq1OTFCGgh+x/14hrULVrg==}
    engines: {node: '>=18'}
    cpu: [arm64]
    os: [netbsd]

  '@esbuild/netbsd-x64@0.24.1':
    resolution: {integrity: sha512-OdjqCVKtJuxRk9gPit/iI4/wSCGOnCcuPkgkT8Pt+0vM63QUOBd5oNX2umXUBr4bYTpSCL/aGxrAb3qENcqA4g==}
    engines: {node: '>=18'}
    cpu: [x64]
    os: [netbsd]

  '@esbuild/openbsd-arm64@0.24.1':
    resolution: {integrity: sha512-wy2psEw0wc+xbSB4Et3XZaONClCagOlQTsqRJaLtCcPggnuZMfb17c5T5w6RO6pFF5J2SWoM7+MJuWUEzvQN+Q==}
    engines: {node: '>=18'}
    cpu: [arm64]
    os: [openbsd]

  '@esbuild/openbsd-x64@0.24.1':
    resolution: {integrity: sha512-GClG42X5JYHoQU5Jry0u+uN2vmKOwrifl10IvDBXtkxyGr9oqOJyrd2U+H2ZoZGNIt21d7WcVJJmJq3I3fl+5g==}
    engines: {node: '>=18'}
    cpu: [x64]
    os: [openbsd]

  '@esbuild/sunos-x64@0.24.1':
    resolution: {integrity: sha512-a0VfBsFPrlFKxzXuJ4nP0ia3jEbzBk/JW2wEW44dwr0RDOr/Y1+d+EJgT6L3h8y9X8ctig7ks0rWlbjkPn6PcA==}
    engines: {node: '>=18'}
    cpu: [x64]
    os: [sunos]

  '@esbuild/win32-arm64@0.24.1':
    resolution: {integrity: sha512-HqeXG1ttUnENzcGlPr0ouQHk8PQIoWi3thXElmafH1pVxC94sYdBVQregb2Qz7l1BmooUIOnzCGPCT4Oma0yTg==}
    engines: {node: '>=18'}
    cpu: [arm64]
    os: [win32]

  '@esbuild/win32-ia32@0.24.1':
    resolution: {integrity: sha512-uA0iNg5jSy9XMiugX8Qtm3p9uUl9hi4JbOY18KnFBNTB+GsfJIWrDpE1cRFZrSHePiZs9cAwnprILpAKJWuYig==}
    engines: {node: '>=18'}
    cpu: [ia32]
    os: [win32]

  '@esbuild/win32-x64@0.24.1':
    resolution: {integrity: sha512-wekV0z60AyaD8yYgRtxckqvGzzVaQmQRAhNrR352KzXLfhc4peh3UBMMmtYHbOqml6KblKy7oihC1eaZS68vRw==}
    engines: {node: '>=18'}
    cpu: [x64]
    os: [win32]

  '@rollup/rollup-android-arm-eabi@4.28.1':
    resolution: {integrity: sha512-2aZp8AES04KI2dy3Ss6/MDjXbwBzj+i0GqKtWXgw2/Ma6E4jJvujryO6gJAghIRVz7Vwr9Gtl/8na3nDUKpraQ==}
    cpu: [arm]
    os: [android]

  '@rollup/rollup-android-arm64@4.28.1':
    resolution: {integrity: sha512-EbkK285O+1YMrg57xVA+Dp0tDBRB93/BZKph9XhMjezf6F4TpYjaUSuPt5J0fZXlSag0LmZAsTmdGGqPp4pQFA==}
    cpu: [arm64]
    os: [android]

  '@rollup/rollup-darwin-arm64@4.28.1':
    resolution: {integrity: sha512-prduvrMKU6NzMq6nxzQw445zXgaDBbMQvmKSJaxpaZ5R1QDM8w+eGxo6Y/jhT/cLoCvnZI42oEqf9KQNYz1fqQ==}
    cpu: [arm64]
    os: [darwin]

  '@rollup/rollup-darwin-x64@4.28.1':
    resolution: {integrity: sha512-WsvbOunsUk0wccO/TV4o7IKgloJ942hVFK1CLatwv6TJspcCZb9umQkPdvB7FihmdxgaKR5JyxDjWpCOp4uZlQ==}
    cpu: [x64]
    os: [darwin]

  '@rollup/rollup-freebsd-arm64@4.28.1':
    resolution: {integrity: sha512-HTDPdY1caUcU4qK23FeeGxCdJF64cKkqajU0iBnTVxS8F7H/7BewvYoG+va1KPSL63kQ1PGNyiwKOfReavzvNA==}
    cpu: [arm64]
    os: [freebsd]

  '@rollup/rollup-freebsd-x64@4.28.1':
    resolution: {integrity: sha512-m/uYasxkUevcFTeRSM9TeLyPe2QDuqtjkeoTpP9SW0XxUWfcYrGDMkO/m2tTw+4NMAF9P2fU3Mw4ahNvo7QmsQ==}
    cpu: [x64]
    os: [freebsd]

  '@rollup/rollup-linux-arm-gnueabihf@4.28.1':
    resolution: {integrity: sha512-QAg11ZIt6mcmzpNE6JZBpKfJaKkqTm1A9+y9O+frdZJEuhQxiugM05gnCWiANHj4RmbgeVJpTdmKRmH/a+0QbA==}
    cpu: [arm]
    os: [linux]

  '@rollup/rollup-linux-arm-musleabihf@4.28.1':
    resolution: {integrity: sha512-dRP9PEBfolq1dmMcFqbEPSd9VlRuVWEGSmbxVEfiq2cs2jlZAl0YNxFzAQS2OrQmsLBLAATDMb3Z6MFv5vOcXg==}
    cpu: [arm]
    os: [linux]

  '@rollup/rollup-linux-arm64-gnu@4.28.1':
    resolution: {integrity: sha512-uGr8khxO+CKT4XU8ZUH1TTEUtlktK6Kgtv0+6bIFSeiSlnGJHG1tSFSjm41uQ9sAO/5ULx9mWOz70jYLyv1QkA==}
    cpu: [arm64]
    os: [linux]

  '@rollup/rollup-linux-arm64-musl@4.28.1':
    resolution: {integrity: sha512-QF54q8MYGAqMLrX2t7tNpi01nvq5RI59UBNx+3+37zoKX5KViPo/gk2QLhsuqok05sSCRluj0D00LzCwBikb0A==}
    cpu: [arm64]
    os: [linux]

  '@rollup/rollup-linux-loongarch64-gnu@4.28.1':
    resolution: {integrity: sha512-vPul4uodvWvLhRco2w0GcyZcdyBfpfDRgNKU+p35AWEbJ/HPs1tOUrkSueVbBS0RQHAf/A+nNtDpvw95PeVKOA==}
    cpu: [loong64]
    os: [linux]

  '@rollup/rollup-linux-powerpc64le-gnu@4.28.1':
    resolution: {integrity: sha512-pTnTdBuC2+pt1Rmm2SV7JWRqzhYpEILML4PKODqLz+C7Ou2apEV52h19CR7es+u04KlqplggmN9sqZlekg3R1A==}
    cpu: [ppc64]
    os: [linux]

  '@rollup/rollup-linux-riscv64-gnu@4.28.1':
    resolution: {integrity: sha512-vWXy1Nfg7TPBSuAncfInmAI/WZDd5vOklyLJDdIRKABcZWojNDY0NJwruY2AcnCLnRJKSaBgf/GiJfauu8cQZA==}
    cpu: [riscv64]
    os: [linux]

  '@rollup/rollup-linux-s390x-gnu@4.28.1':
    resolution: {integrity: sha512-/yqC2Y53oZjb0yz8PVuGOQQNOTwxcizudunl/tFs1aLvObTclTwZ0JhXF2XcPT/zuaymemCDSuuUPXJJyqeDOg==}
    cpu: [s390x]
    os: [linux]

  '@rollup/rollup-linux-x64-gnu@4.28.1':
    resolution: {integrity: sha512-fzgeABz7rrAlKYB0y2kSEiURrI0691CSL0+KXwKwhxvj92VULEDQLpBYLHpF49MSiPG4sq5CK3qHMnb9tlCjBw==}
    cpu: [x64]
    os: [linux]

  '@rollup/rollup-linux-x64-musl@4.28.1':
    resolution: {integrity: sha512-xQTDVzSGiMlSshpJCtudbWyRfLaNiVPXt1WgdWTwWz9n0U12cI2ZVtWe/Jgwyv/6wjL7b66uu61Vg0POWVfz4g==}
    cpu: [x64]
    os: [linux]

  '@rollup/rollup-win32-arm64-msvc@4.28.1':
    resolution: {integrity: sha512-wSXmDRVupJstFP7elGMgv+2HqXelQhuNf+IS4V+nUpNVi/GUiBgDmfwD0UGN3pcAnWsgKG3I52wMOBnk1VHr/A==}
    cpu: [arm64]
    os: [win32]

  '@rollup/rollup-win32-ia32-msvc@4.28.1':
    resolution: {integrity: sha512-ZkyTJ/9vkgrE/Rk9vhMXhf8l9D+eAhbAVbsGsXKy2ohmJaWg0LPQLnIxRdRp/bKyr8tXuPlXhIoGlEB5XpJnGA==}
    cpu: [ia32]
    os: [win32]

  '@rollup/rollup-win32-x64-msvc@4.28.1':
    resolution: {integrity: sha512-ZvK2jBafvttJjoIdKm/Q/Bh7IJ1Ose9IBOwpOXcOvW3ikGTQGmKDgxTC6oCAzW6PynbkKP8+um1du81XJHZ0JA==}
    cpu: [x64]
    os: [win32]

  '@types/estree@1.0.6':
    resolution: {integrity: sha512-AYnb1nQyY49te+VRAVgmzfcgjYS91mY5P0TKUDCLEM+gNnA+3T6rWITXRLYCpahpqSQbN5cE+gHpnPyXjHWxcw==}

  esbuild@0.24.1:
    resolution: {integrity: sha512-bHNW57YAKNh1VSbXP33EL9DevtRuT10czGhL9ynKpOAeBMNAkzsP8FSNoFTbU3abQB7kOb+JqUc89FqlZNbEeQ==}
    engines: {node: '>=18'}
    hasBin: true

  fsevents@2.3.3:
    resolution: {integrity: sha512-5xoDfX+fL7faATnagmWPpbFtwh/R77WmMMqqHGS65C3vvB0YHrgF+B1YmZ3441tMj5n63k0212XNoJwzlhffQw==}
    engines: {node: ^8.16.0 || ^10.6.0 || >=11.0.0}
    os: [darwin]

  nanoid@3.3.8:
    resolution: {integrity: sha512-WNLf5Sd8oZxOm+TzppcYk8gVOgP+l58xNy58D0nbUnOxOWRWvlcCV4kUF7ltmI6PsrLl/BgKEyS4mqsGChFN0w==}
    engines: {node: ^10 || ^12 || ^13.7 || ^14 || >=15.0.1}
    hasBin: true

  picocolors@1.1.1:
    resolution: {integrity: sha512-xceH2snhtb5M9liqDsmEw56le376mTZkEX/jEb/RxNFyegNul7eNslCXP9FDj/Lcu0X8KEyMceP2ntpaHrDEVA==}

  postcss@8.4.49:
    resolution: {integrity: sha512-OCVPnIObs4N29kxTjzLfUryOkvZEq+pf8jTF0lg8E7uETuWHA+v7j3c/xJmiqpX450191LlmZfUKkXxkTry7nA==}
    engines: {node: ^10 || ^12 || >=14}

  rollup@4.28.1:
    resolution: {integrity: sha512-61fXYl/qNVinKmGSTHAZ6Yy8I3YIJC/r2m9feHo6SwVAVcLT5MPwOUFe7EuURA/4m0NR8lXG4BBXuo/IZEsjMg==}
    engines: {node: '>=18.0.0', npm: '>=8.0.0'}
    hasBin: true

  source-map-js@1.2.1:
    resolution: {integrity: sha512-UXWMKhLOwVKb728IUtQPXxfYU+usdybtUrK/8uGE8CQMvrhOpwvzDBwj0QhSL7MQc7vIsISBG8VQ8+IDQxpfQA==}
    engines: {node: '>=0.10.0'}

  typescript@5.7.2:
    resolution: {integrity: sha512-i5t66RHxDvVN40HfDd1PsEThGNnlMCMT3jMUuoh9/0TaqWevNontacunWyN02LA9/fIbEWlcHZcgTKb9QoaLfg==}
    engines: {node: '>=14.17'}
    hasBin: true

  vite@6.0.4:
    resolution: {integrity: sha512-zwlH6ar+6o6b4Wp+ydhtIKLrGM/LoqZzcdVmkGAFun0KHTzIzjh+h0kungEx7KJg/PYnC80I4TII9WkjciSR6Q==}
    engines: {node: ^18.0.0 || ^20.0.0 || >=22.0.0}
    hasBin: true
    peerDependencies:
      '@types/node': ^18.0.0 || ^20.0.0 || >=22.0.0
      jiti: '>=1.21.0'
      less: '*'
      lightningcss: ^1.21.0
      sass: '*'
      sass-embedded: '*'
      stylus: '*'
      sugarss: '*'
      terser: ^5.16.0
      tsx: ^4.8.1
      yaml: ^2.4.2
    peerDependenciesMeta:
      '@types/node':
        optional: true
      jiti:
        optional: true
      less:
        optional: true
      lightningcss:
        optional: true
      sass:
        optional: true
      sass-embedded:
        optional: true
      stylus:
        optional: true
      sugarss:
        optional: true
      terser:
        optional: true
      tsx:
        optional: true
      yaml:
        optional: true

snapshots:

  '@esbuild/aix-ppc64@0.24.1':
    optional: true

  '@esbuild/android-arm64@0.24.1':
    optional: true

  '@esbuild/android-arm@0.24.1':
    optional: true

  '@esbuild/android-x64@0.24.1':
    optional: true

  '@esbuild/darwin-arm64@0.24.1':
    optional: true

  '@esbuild/darwin-x64@0.24.1':
    optional: true

  '@esbuild/freebsd-arm64@0.24.1':
    optional: true

  '@esbuild/freebsd-x64@0.24.1':
    optional: true

  '@esbuild/linux-arm64@0.24.1':
    optional: true

  '@esbuild/linux-arm@0.24.1':
    optional: true

  '@esbuild/linux-ia32@0.24.1':
    optional: true

  '@esbuild/linux-loong64@0.24.1':
    optional: true

  '@esbuild/linux-mips64el@0.24.1':
    optional: true

  '@esbuild/linux-ppc64@0.24.1':
    optional: true

  '@esbuild/linux-riscv64@0.24.1':
    optional: true

  '@esbuild/linux-s390x@0.24.1':
    optional: true

  '@esbuild/linux-x64@0.24.1':
    optional: true

  '@esbuild/netbsd-arm64@0.24.1':
    optional: true

  '@esbuild/netbsd-x64@0.24.1':
    optional: true

  '@esbuild/openbsd-arm64@0.24.1':
    optional: true

  '@esbuild/openbsd-x64@0.24.1':
    optional: true

  '@esbuild/sunos-x64@0.24.1':
    optional: true

  '@esbuild/win32-arm64@0.24.1':
    optional: true

  '@esbuild/win32-ia32@0.24.1':
    optional: true

  '@esbuild/win32-x64@0.24.1':
    optional: true

  '@rollup/rollup-android-arm-eabi@4.28.1':
    optional: true

  '@rollup/rollup-android-arm64@4.28.1':
    optional: true

  '@rollup/rollup-darwin-arm64@4.28.1':
    optional: true

  '@rollup/rollup-darwin-x64@4.28.1':
    optional: true

  '@rollup/rollup-freebsd-arm64@4.28.1':
    optional: true

  '@rollup/rollup-freebsd-x64@4.28.1':
    optional: true

  '@rollup/rollup-linux-arm-gnueabihf@4.28.1':
    optional: true

  '@rollup/rollup-linux-arm-musleabihf@4.28.1':
    optional: true

  '@rollup/rollup-linux-arm64-gnu@4.28.1':
    optional: true

  '@rollup/rollup-linux-arm64-musl@4.28.1':
    optional: true

  '@rollup/rollup-linux-loongarch64-gnu@4.28.1':
    optional: true

  '@rollup/rollup-linux-powerpc64le-gnu@4.28.1':
    optional: true

  '@rollup/rollup-linux-riscv64-gnu@4.28.1':
    optional: true

  '@rollup/rollup-linux-s390x-gnu@4.28.1':
    optional: true

  '@rollup/rollup-linux-x64-gnu@4.28.1':
    optional: true

  '@rollup/rollup-linux-x64-musl@4.28.1':
    optional: true

  '@rollup/rollup-win32-arm64-msvc@4.28.1':
    optional: true

  '@rollup/rollup-win32-ia32-msvc@4.28.1':
    optional: true

  '@rollup/rollup-win32-x64-msvc@4.28.1':
    optional: true

  '@types/estree@1.0.6': {}

  esbuild@0.24.1:
    optionalDependencies:
      '@esbuild/aix-ppc64': 0.24.1
      '@esbuild/android-arm': 0.24.1
      '@esbuild/android-arm64': 0.24.1
      '@esbuild/android-x64': 0.24.1
      '@esbuild/darwin-arm64': 0.24.1
      '@esbuild/darwin-x64': 0.24.1
      '@esbuild/freebsd-arm64': 0.24.1
      '@esbuild/freebsd-x64': 0.24.1
      '@esbuild/linux-arm': 0.24.1
      '@esbuild/linux-arm64': 0.24.1
      '@esbuild/linux-ia32': 0.24.1
      '@esbuild/linux-loong64': 0.24.1
      '@esbuild/linux-mips64el': 0.24.1
      '@esbuild/linux-ppc64': 0.24.1
      '@esbuild/linux-riscv64': 0.24.1
      '@esbuild/linux-s390x': 0.24.1
      '@esbuild/linux-x64': 0.24.1
      '@esbuild/netbsd-arm64': 0.24.1
      '@esbuild/netbsd-x64': 0.24.1
      '@esbuild/openbsd-arm64': 0.24.1
      '@esbuild/openbsd-x64': 0.24.1
      '@esbuild/sunos-x64': 0.24.1
      '@esbuild/win32-arm64': 0.24.1
      '@esbuild/win32-ia32': 0.24.1
      '@esbuild/win32-x64': 0.24.1

  fsevents@2.3.3:
    optional: true

  nanoid@3.3.8: {}

  picocolors@1.1.1: {}

  postcss@8.4.49:
    dependencies:
      nanoid: 3.3.8
      picocolors: 1.1.1
      source-map-js: 1.2.1

  rollup@4.28.1:
    dependencies:
      '@types/estree': 1.0.6
    optionalDependencies:
      '@rollup/rollup-android-arm-eabi': 4.28.1
      '@rollup/rollup-android-arm64': 4.28.1
      '@rollup/rollup-darwin-arm64': 4.28.1
      '@rollup/rollup-darwin-x64': 4.28.1
      '@rollup/rollup-freebsd-arm64': 4.28.1
      '@rollup/rollup-freebsd-x64': 4.28.1
      '@rollup/rollup-linux-arm-gnueabihf': 4.28.1
      '@rollup/rollup-linux-arm-musleabihf': 4.28.1
      '@rollup/rollup-linux-arm64-gnu': 4.28.1
      '@rollup/rollup-linux-arm64-musl': 4.28.1
      '@rollup/rollup-linux-loongarch64-gnu': 4.28.1
      '@rollup/rollup-linux-powerpc64le-gnu': 4.28.1
      '@rollup/rollup-linux-riscv64-gnu': 4.28.1
      '@rollup/rollup-linux-s390x-gnu': 4.28.1
      '@rollup/rollup-linux-x64-gnu': 4.28.1
      '@rollup/rollup-linux-x64-musl': 4.28.1
      '@rollup/rollup-win32-arm64-msvc': 4.28.1
      '@rollup/rollup-win32-ia32-msvc': 4.28.1
      '@rollup/rollup-win32-x64-msvc': 4.28.1
      fsevents: 2.3.3

  source-map-js@1.2.1: {}

  typescript@5.7.2: {}

  vite@6.0.4:
    dependencies:
      esbuild: 0.24.1
      postcss: 8.4.49
      rollup: 4.28.1
    optionalDependencies:
      fsevents: 2.3.3
